
Microsoft Visual Studio Solution File, Format Version 12.00
# Visual Studio Version 16
VisualStudioVersion = 16.0.31019.35
MinimumVisualStudioVersion = 10.0.40219.1
Project("{9A19103F-16F7-4668-BE54-9A1E7A4F7556}") = "KampIntro", "KampIntro\KampIntro.csproj", "{6DB532BE-201E-4B99-9CBB-58A3D15B1F44}"
EndProject
Project("{9A19103F-16F7-4668-BE54-9A1E7A4F7556}") = "OOP1", "OOP1\OOP1.csproj", "{756869F5-4C37-4797-86AE-97C71F6BE8A8}"
EndProject
Project("{FAE04EC0-301F-11D3-BF4B-00C04F79EFBC}") = "Collections", "Collections\Collections.csproj", "{ACE49125-E05A-4254-BAA5-F39D149C1AB9}"
EndProject
Project("{FAE04EC0-301F-11D3-BF4B-00C04F79EFBC}") = "Generics", "Generics\Generics.csproj", "{1FD097A4-B46A-4BC2-9315-B9283DC0F129}"
EndProject
Global
	GlobalSection(SolutionConfigurationPlatforms) = preSolution
		Debug|Any CPU = Debug|Any CPU
		Release|Any CPU = Release|Any CPU
	EndGlobalSection
	GlobalSection(ProjectConfigurationPlatforms) = postSolution
		{6DB532BE-201E-4B99-9CBB-58A3D15B1F44}.Debug|Any CPU.ActiveCfg = Debug|Any CPU
		{6DB532BE-201E-4B99-9CBB-58A3D15B1F44}.Debug|Any CPU.Build.0 = Debug|Any CPU
		{6DB532BE-201E-4B99-9CBB-58A3D15B1F44}.Release|Any CPU.ActiveCfg = Release|Any CPU
		{6DB532BE-201E-4B99-9CBB-58A3D15B1F44}.Release|Any CPU.Build.0 = Release|Any CPU
		{756869F5-4C37-4797-86AE-97C71F6BE8A8}.Debug|Any CPU.ActiveCfg = Debug|Any CPU
		{756869F5-4C37-4797-86AE-97C71F6BE8A8}.Debug|Any CPU.Build.0 = Debug|Any CPU
		{756869F5-4C37-4797-86AE-97C71F6BE8A8}.Release|Any CPU.ActiveCfg = Release|Any CPU
		{756869F5-4C37-4797-86AE-97C71F6BE8A8}.Release|Any CPU.Build.0 = Release|Any CPU
		{ACE49125-E05A-4254-BAA5-F39D149C1AB9}.Debug|Any CPU.ActiveCfg = Debug|Any CPU
		{ACE49125-E05A-4254-BAA5-F39D149C1AB9}.Debug|Any CPU.Build.0 = Debug|Any CPU
		{ACE49125-E05A-4254-BAA5-F39D149C1AB9}.Release|Any CPU.ActiveCfg = Release|Any CPU
		{ACE49125-E05A-4254-BAA5-F39D149C1AB9}.Release|Any CPU.Build.0 = Release|Any CPU
		{1FD097A4-B46A-4BC2-9315-B9283DC0F129}.Debug|Any CPU.ActiveCfg = Debug|Any CPU
		{1FD097A4-B46A-4BC2-9315-B9283DC0F129}.Debug|Any CPU.Build.0 = Debug|Any CPU
		{1FD097A4-B46A-4BC2-9315-B9283DC0F129}.Release|Any CPU.ActiveCfg = Release|Any CPU
		{1FD097A4-B46A-4BC2-9315-B9283DC0F129}.Release|Any CPU.Build.0 = Release|Any CPU
	EndGlobalSection
	GlobalSection(SolutionProperties) = preSolution
		HideSolutionNode = FALSE
	EndGlobalSection
	GlobalSection(ExtensibilityGlobals) = postSolution
		SolutionGuid = {4EBCFB14-BA28-4BB3-8EAA-1DC0C7E94544}
	EndGlobalSection
EndGlobal
